
Microsoft Visual Studio Solution File, Format Version 12.00
# Visual Studio Version 17
VisualStudioVersion = 17.3.32929.385
MinimumVisualStudioVersion = 10.0.40219.1
Project("{FAE04EC0-301F-11D3-BF4B-00C04F79EFBC}") = "WebApplication6", "WebApplication6\WebApplication6.csproj", "{4EFE1429-0740-4191-998F-ED6C60F3834A}"
EndProject
Global
	GlobalSection(SolutionConfigurationPlatforms) = preSolution
		Debug|Any CPU = Debug|Any CPU
		Release|Any CPU = Release|Any CPU
	EndGlobalSection
	GlobalSection(ProjectConfigurationPlatforms) = postSolution
		{4EFE1429-0740-4191-998F-ED6C60F3834A}.Debug|Any CPU.ActiveCfg = Debug|Any CPU
		{4EFE1429-0740-4191-998F-ED6C60F3834A}.Debug|Any CPU.Build.0 = Debug|Any CPU
		{4EFE1429-0740-4191-998F-ED6C60F3834A}.Release|Any CPU.ActiveCfg = Release|Any CPU
		{4EFE1429-0740-4191-998F-ED6C60F3834A}.Release|Any CPU.Build.0 = Release|Any CPU
	EndGlobalSection
	GlobalSection(SolutionProperties) = preSolution
		HideSolutionNode = FALSE
	EndGlobalSection
	GlobalSection(ExtensibilityGlobals) = postSolution
		SolutionGuid = {141A0299-1DA8-44F1-8AF0-B061CAE1B5B4}
	EndGlobalSection
EndGlobal
